
Microsoft Visual Studio Solution File, Format Version 12.00
# Visual Studio 14
VisualStudioVersion = 14.0.24720.0
MinimumVisualStudioVersion = 10.0.40219.1
Project("{FAE04EC0-301F-11D3-BF4B-00C04F79EFBC}") = "HostsRewriter.Domain", "HostsRewriter.Domain\HostsRewriter.Domain.csproj", "{4053C41E-3364-42E4-8BBC-6AD7EDB6FD31}"
EndProject
Project("{FAE04EC0-301F-11D3-BF4B-00C04F79EFBC}") = "HostsRewriter.Tests", "HostsRewriter.Tests\HostsRewriter.Tests.csproj", "{49A27BE7-04F8-49EE-B23F-0ED50721D727}"
EndProject
Project("{FAE04EC0-301F-11D3-BF4B-00C04F79EFBC}") = "HostRewriter.Presentation", "HostRewriter.Presentation\HostRewriter.Presentation.csproj", "{49794A58-D4CE-4F51-A8CC-75A06D67C219}"
EndProject
Global
	GlobalSection(SolutionConfigurationPlatforms) = preSolution
		Debug|Any CPU = Debug|Any CPU
		Release|Any CPU = Release|Any CPU
	EndGlobalSection
	GlobalSection(ProjectConfigurationPlatforms) = postSolution
		{4053C41E-3364-42E4-8BBC-6AD7EDB6FD31}.Debug|Any CPU.ActiveCfg = Debug|Any CPU
		{4053C41E-3364-42E4-8BBC-6AD7EDB6FD31}.Debug|Any CPU.Build.0 = Debug|Any CPU
		{4053C41E-3364-42E4-8BBC-6AD7EDB6FD31}.Release|Any CPU.ActiveCfg = Release|Any CPU
		{4053C41E-3364-42E4-8BBC-6AD7EDB6FD31}.Release|Any CPU.Build.0 = Release|Any CPU
		{49A27BE7-04F8-49EE-B23F-0ED50721D727}.Debug|Any CPU.ActiveCfg = Debug|Any CPU
		{49A27BE7-04F8-49EE-B23F-0ED50721D727}.Debug|Any CPU.Build.0 = Debug|Any CPU
		{49A27BE7-04F8-49EE-B23F-0ED50721D727}.Release|Any CPU.ActiveCfg = Release|Any CPU
		{49A27BE7-04F8-49EE-B23F-0ED50721D727}.Release|Any CPU.Build.0 = Release|Any CPU
		{49794A58-D4CE-4F51-A8CC-75A06D67C219}.Debug|Any CPU.ActiveCfg = Debug|Any CPU
		{49794A58-D4CE-4F51-A8CC-75A06D67C219}.Debug|Any CPU.Build.0 = Debug|Any CPU
		{49794A58-D4CE-4F51-A8CC-75A06D67C219}.Release|Any CPU.ActiveCfg = Release|Any CPU
		{49794A58-D4CE-4F51-A8CC-75A06D67C219}.Release|Any CPU.Build.0 = Release|Any CPU
	EndGlobalSection
	GlobalSection(SolutionProperties) = preSolution
		HideSolutionNode = FALSE
	EndGlobalSection
EndGlobal
